
Microsoft Visual Studio Solution File, Format Version 12.00
# Visual Studio Version 17
VisualStudioVersion = 17.10.35013.160
MinimumVisualStudioVersion = 10.0.40219.1
Project("{2150E333-8FDC-42A3-9474-1A3956D46DE8}") = "tests", "tests", "{A9B6F1FB-1803-4BEA-B3E2-2A4B1B3A1928}"
EndProject
Project("{2150E333-8FDC-42A3-9474-1A3956D46DE8}") = "src", "src", "{17FB7B31-00F5-434C-84B6-B5CA825CBCC6}"
EndProject
Project("{FAE04EC0-301F-11D3-BF4B-00C04F79EFBC}") = "Application", "Applcation\Application.csproj", "{8396937F-267E-408D-AD9B-A18976753BD9}"
EndProject
Project("{FAE04EC0-301F-11D3-BF4B-00C04F79EFBC}") = "Api", "Api\Api.csproj", "{D58412C9-5CDC-43E3-BCF0-FCDC671F6BA0}"
EndProject
Project("{FAE04EC0-301F-11D3-BF4B-00C04F79EFBC}") = "Domain", "Domain\Domain.csproj", "{36524A0E-C61F-4149-A69A-865C8F18EAF7}"
EndProject
Project("{FAE04EC0-301F-11D3-BF4B-00C04F79EFBC}") = "Infrastructure", "Infrastructure\Infrastructure.csproj", "{935B5114-FC8B-4397-82BA-2A802D8205D1}"
EndProject
Global
	GlobalSection(SolutionConfigurationPlatforms) = preSolution
		Debug|Any CPU = Debug|Any CPU
		Release|Any CPU = Release|Any CPU
	EndGlobalSection
	GlobalSection(ProjectConfigurationPlatforms) = postSolution
		{8396937F-267E-408D-AD9B-A18976753BD9}.Debug|Any CPU.ActiveCfg = Debug|Any CPU
		{8396937F-267E-408D-AD9B-A18976753BD9}.Debug|Any CPU.Build.0 = Debug|Any CPU
		{8396937F-267E-408D-AD9B-A18976753BD9}.Release|Any CPU.ActiveCfg = Release|Any CPU
		{8396937F-267E-408D-AD9B-A18976753BD9}.Release|Any CPU.Build.0 = Release|Any CPU
		{D58412C9-5CDC-43E3-BCF0-FCDC671F6BA0}.Debug|Any CPU.ActiveCfg = Debug|Any CPU
		{D58412C9-5CDC-43E3-BCF0-FCDC671F6BA0}.Debug|Any CPU.Build.0 = Debug|Any CPU
		{D58412C9-5CDC-43E3-BCF0-FCDC671F6BA0}.Release|Any CPU.ActiveCfg = Release|Any CPU
		{D58412C9-5CDC-43E3-BCF0-FCDC671F6BA0}.Release|Any CPU.Build.0 = Release|Any CPU
		{36524A0E-C61F-4149-A69A-865C8F18EAF7}.Debug|Any CPU.ActiveCfg = Debug|Any CPU
		{36524A0E-C61F-4149-A69A-865C8F18EAF7}.Debug|Any CPU.Build.0 = Debug|Any CPU
		{36524A0E-C61F-4149-A69A-865C8F18EAF7}.Release|Any CPU.ActiveCfg = Release|Any CPU
		{36524A0E-C61F-4149-A69A-865C8F18EAF7}.Release|Any CPU.Build.0 = Release|Any CPU
		{935B5114-FC8B-4397-82BA-2A802D8205D1}.Debug|Any CPU.ActiveCfg = Debug|Any CPU
		{935B5114-FC8B-4397-82BA-2A802D8205D1}.Debug|Any CPU.Build.0 = Debug|Any CPU
		{935B5114-FC8B-4397-82BA-2A802D8205D1}.Release|Any CPU.ActiveCfg = Release|Any CPU
		{935B5114-FC8B-4397-82BA-2A802D8205D1}.Release|Any CPU.Build.0 = Release|Any CPU
	EndGlobalSection
	GlobalSection(SolutionProperties) = preSolution
		HideSolutionNode = FALSE
	EndGlobalSection
	GlobalSection(NestedProjects) = preSolution
		{8396937F-267E-408D-AD9B-A18976753BD9} = {17FB7B31-00F5-434C-84B6-B5CA825CBCC6}
		{D58412C9-5CDC-43E3-BCF0-FCDC671F6BA0} = {17FB7B31-00F5-434C-84B6-B5CA825CBCC6}
		{36524A0E-C61F-4149-A69A-865C8F18EAF7} = {17FB7B31-00F5-434C-84B6-B5CA825CBCC6}
		{935B5114-FC8B-4397-82BA-2A802D8205D1} = {17FB7B31-00F5-434C-84B6-B5CA825CBCC6}
	EndGlobalSection
	GlobalSection(ExtensibilityGlobals) = postSolution
		SolutionGuid = {95F10024-414D-4F6B-99B5-4C1604242272}
	EndGlobalSection
EndGlobal
